
Microsoft Visual Studio Solution File, Format Version 12.00
# Visual Studio Version 17
VisualStudioVersion = 17.6.33815.320
MinimumVisualStudioVersion = 10.0.40219.1
Project("{2150E333-8FDC-42A3-9474-1A3956D46DE8}") = "N02", "N02", "{288B7434-5DD7-4A32-A4DE-E84DD52B2466}"
EndProject
Project("{9A19103F-16F7-4668-BE54-9A1E7A4F7556}") = "HT-1", "HT-1\HT-1.csproj", "{3F6394EB-7A7E-40F1-9A54-540EDD075BE9}"
EndProject
Project("{2150E333-8FDC-42A3-9474-1A3956D46DE8}") = "N03", "N03", "{54637147-2CD6-4091-8493-F160DF3BFA94}"
EndProject
Project("{9A19103F-16F7-4668-BE54-9A1E7A4F7556}") = "HT_1 Password Generator", "HT_1\HT_1 Password Generator.csproj", "{ACB4F092-1908-45B4-A49E-50AA6A3411CC}"
EndProject
Project("{2150E333-8FDC-42A3-9474-1A3956D46DE8}") = "Password Generator - HT1", "Password Generator - HT1", "{F7BA75CA-FCDB-4CB1-99B6-7533A208A458}"
EndProject
Project("{2150E333-8FDC-42A3-9474-1A3956D46DE8}") = "Email Checker - HT2", "Email Checker - HT2", "{C7BA5E97-F75A-4875-B05D-E8DF80E0070C}"
EndProject
Project("{9A19103F-16F7-4668-BE54-9A1E7A4F7556}") = "Email Checker HT2", "Email Checker HT2\Email Checker HT2.csproj", "{A4919296-D26D-4250-B5AE-73C3D2BEBD1F}"
EndProject
Project("{9A19103F-16F7-4668-BE54-9A1E7A4F7556}") = "Tic Tac Toe HT2", "Tic Tac Toe HT2\Tic Tac Toe HT2.csproj", "{9C459536-6085-4605-B6BB-AD28A4A4493E}"
EndProject
Project("{2150E333-8FDC-42A3-9474-1A3956D46DE8}") = "N04", "N04", "{2BEAA909-B590-48C4-9D0A-D06D033413A2}"
EndProject
Project("{2150E333-8FDC-42A3-9474-1A3956D46DE8}") = "Essay Analysis", "Essay Analysis", "{07235F41-85E6-40AC-8544-0D8BAE9464EE}"
EndProject
Project("{9A19103F-16F7-4668-BE54-9A1E7A4F7556}") = "Essay Analysis", "Essay Analysis\Essay Analysis.csproj", "{3B17D08B-4C79-4CC2-9E27-F020EDCD46E3}"
EndProject
Project("{2150E333-8FDC-42A3-9474-1A3956D46DE8}") = "Username Generator", "Username Generator", "{EC90AB32-5DD7-4E44-89F8-6123D4513408}"
EndProject
Project("{9A19103F-16F7-4668-BE54-9A1E7A4F7556}") = "Username Generator", "Username Generator\Username Generator.csproj", "{0610CEA0-1313-481E-8C06-9EE032B2EFEC}"
EndProject
Project("{2150E333-8FDC-42A3-9474-1A3956D46DE8}") = "N05", "N05", "{A1EC9661-907A-47CD-BAE7-D829066E98F4}"
EndProject
Project("{2150E333-8FDC-42A3-9474-1A3956D46DE8}") = "Test HT1", "Test HT1", "{6EBBA647-1398-4C4A-B5DF-B7DFEE54BE22}"
EndProject
Project("{2150E333-8FDC-42A3-9474-1A3956D46DE8}") = "Calculator HT2", "Calculator HT2", "{5985B107-1531-4AF9-9FB9-AC711208E672}"
EndProject
Project("{9A19103F-16F7-4668-BE54-9A1E7A4F7556}") = "Test App", "Test App\Test App.csproj", "{16A618FA-1AA3-469B-A0D4-1E0653C7D92B}"
EndProject
Project("{9A19103F-16F7-4668-BE54-9A1E7A4F7556}") = "Simple Calculator App", "Simple Calculator App\Simple Calculator App.csproj", "{A91073A3-6694-4DA3-AF04-9FCA97530937}"
EndProject
Project("{2150E333-8FDC-42A3-9474-1A3956D46DE8}") = "N06", "N06", "{EF0873D4-6779-4630-A8B2-5BE835D533CD}"
EndProject
Project("{2150E333-8FDC-42A3-9474-1A3956D46DE8}") = "Exam Results", "Exam Results", "{06627392-C153-41E8-9BED-CF308842F899}"
EndProject
Project("{9A19103F-16F7-4668-BE54-9A1E7A4F7556}") = "Exam Result HT-1", "Exam Result HT-1\Exam Result HT-1.csproj", "{5ADD5AF6-8AFE-42E4-A7BB-840C8B8DFB34}"
EndProject
Project("{2150E333-8FDC-42A3-9474-1A3956D46DE8}") = "Event Scheduler", "Event Scheduler", "{620C7A73-EC45-43B1-AC2A-53577CEB9817}"
EndProject
Project("{9A19103F-16F7-4668-BE54-9A1E7A4F7556}") = "Event Scheduler HT2", "Event Scheduler HT2\Event Scheduler HT2.csproj", "{6408D9C5-8D29-4959-B9AB-91CF3191E022}"
EndProject
Project("{2150E333-8FDC-42A3-9474-1A3956D46DE8}") = "N07", "N07", "{14DD774E-3B11-4E38-B8A2-808D53244FAA}"
EndProject
Project("{2150E333-8FDC-42A3-9474-1A3956D46DE8}") = "Sleep Quality", "Sleep Quality", "{E68F950B-DD5D-4131-80D5-4DA5BFE211A4}"
EndProject
Project("{9A19103F-16F7-4668-BE54-9A1E7A4F7556}") = "Sleep Quality", "Sleep Quality\Sleep Quality.csproj", "{F2AA8D7A-9AC7-4D3A-9958-2E99306EB096}"
EndProject
Project("{2150E333-8FDC-42A3-9474-1A3956D46DE8}") = "Password Generator WPF", "Password Generator WPF", "{55AA757D-FA47-4EB3-B9B9-713318320C9D}"
EndProject
Project("{9A19103F-16F7-4668-BE54-9A1E7A4F7556}") = "Password Generator", "Password Generator\Password Generator.csproj", "{E8E22EAD-8069-49D8-8593-E78206E45181}"
EndProject
Project("{2150E333-8FDC-42A3-9474-1A3956D46DE8}") = "N08", "N08", "{E57A39D4-CF92-4F4D-8E79-076C364B28C0}"
EndProject
Project("{2150E333-8FDC-42A3-9474-1A3956D46DE8}") = "Vacation Planner", "Vacation Planner", "{B6DF451F-1CF2-4E2B-B2E2-71C0D4B0C92A}"
EndProject
Project("{9A19103F-16F7-4668-BE54-9A1E7A4F7556}") = "Vacation Planner", "Vacation Planner\Vacation Planner.csproj", "{ABC67795-FCCC-4144-B02E-D0B19743BC48}"
EndProject
Project("{2150E333-8FDC-42A3-9474-1A3956D46DE8}") = "Collections examples", "Collections examples", "{D9C029BC-6BE4-4974-A3E8-911F9FA2F208}"
	ProjectSection(SolutionItems) = preProject
		RealProjectExamples.txt = RealProjectExamples.txt
	EndProjectSection
EndProject
Project("{2150E333-8FDC-42A3-9474-1A3956D46DE8}") = "N09", "N09", "{1D289CF1-FEC5-4908-98D7-504FD1D65441}"
EndProject
Project("{9A19103F-16F7-4668-BE54-9A1E7A4F7556}") = "Valid Email", "Valid Email\Valid Email.csproj", "{F579B898-475A-4528-8CF3-8104A29E16EB}"
EndProject
Project("{9A19103F-16F7-4668-BE54-9A1E7A4F7556}") = "Events Calendar", "Events Calendar\Events Calendar.csproj", "{FAA9BB21-2C45-4CBB-958F-270A08025D8D}"
EndProject
Project("{2150E333-8FDC-42A3-9474-1A3956D46DE8}") = "N10", "N10", "{9ADFD488-B326-4E80-A2D4-2152760A8EAD}"
EndProject
Project("{2150E333-8FDC-42A3-9474-1A3956D46DE8}") = "Shopping Cart", "Shopping Cart", "{0C499EB2-1AE5-41AE-8430-32BD5A4F0A0A}"
EndProject
Project("{9A19103F-16F7-4668-BE54-9A1E7A4F7556}") = "Shopping Cart", "Shopping Cart\Shopping Cart.csproj", "{18FD9616-BE0B-4EB9-86AE-CD1A8B985F19}"
EndProject
Project("{2150E333-8FDC-42A3-9474-1A3956D46DE8}") = "Library Management", "Library Management", "{4F26F54D-875F-447A-B513-7BD1379A18C4}"
EndProject
Project("{9A19103F-16F7-4668-BE54-9A1E7A4F7556}") = "Library Management", "Library Management\Library Management.csproj", "{E2798390-F4F3-4920-9820-1A1C140D3D87}"
EndProject
Project("{2150E333-8FDC-42A3-9474-1A3956D46DE8}") = "User program", "User program", "{18E53208-2030-494D-B68E-AA7014DB5F38}"
EndProject
Project("{9A19103F-16F7-4668-BE54-9A1E7A4F7556}") = "User Program", "User Program\User Program.csproj", "{23EB0B7C-BB19-478B-8689-B7451AE76451}"
EndProject
Project("{2150E333-8FDC-42A3-9474-1A3956D46DE8}") = "Password Generator", "Password Generator", "{B7D5B0B9-DD1E-498B-AAB6-16E2A289ACFF}"
EndProject
Project("{9A19103F-16F7-4668-BE54-9A1E7A4F7556}") = "Password Generator OOP", "Password Generator OOP\Password Generator OOP.csproj", "{F99986DC-236A-4ED1-A267-02970BAD7B8C}"
EndProject
Project("{2150E333-8FDC-42A3-9474-1A3956D46DE8}") = "Validator", "Validator", "{6ACF2952-B875-4B31-B21F-1CB94C04A041}"
EndProject
Project("{9A19103F-16F7-4668-BE54-9A1E7A4F7556}") = "Validator", "Validator\Validator.csproj", "{74B966E5-4C04-4AD7-BF63-F143A2CD4DBA}"
EndProject
Project("{2150E333-8FDC-42A3-9474-1A3956D46DE8}") = "N11", "N11", "{3A4464F1-F1B0-4AF7-9EF7-496F5008E87A}"
EndProject
Project("{2150E333-8FDC-42A3-9474-1A3956D46DE8}") = "To Do List App", "To Do List App", "{124FC8D8-A03B-4EFE-94EC-3FB72BFB19B0}"
EndProject
Project("{9A19103F-16F7-4668-BE54-9A1E7A4F7556}") = "To-Do-List-App", "To-Do-List-App\To-Do-List-App.csproj", "{55F8B6B2-E09B-42AB-9F34-AB08D58156BE}"
EndProject
Project("{2150E333-8FDC-42A3-9474-1A3956D46DE8}") = "Music Player", "Music Player", "{CB23DD3E-695E-406F-A308-7C5D8D255C1B}"
EndProject
Project("{9A19103F-16F7-4668-BE54-9A1E7A4F7556}") = "Music Player", "Music Player\Music Player.csproj", "{726683A2-EFD5-454F-8450-BBE789073689}"
EndProject
Project("{2150E333-8FDC-42A3-9474-1A3956D46DE8}") = "N12", "N12", "{121D8A28-14B2-4E2F-8CDE-DDBF9133CC03}"
EndProject
Project("{2150E333-8FDC-42A3-9474-1A3956D46DE8}") = "User Object", "User Object", "{C3F0440E-6CE3-4224-BC79-91A2E35F4635}"
EndProject
Project("{9A19103F-16F7-4668-BE54-9A1E7A4F7556}") = "User Type", "User Type\User Type.csproj", "{2DFAE992-9ED3-43A9-B6EB-DCE0861200A7}"
EndProject
Project("{2150E333-8FDC-42A3-9474-1A3956D46DE8}") = "Email", "Email", "{5A3344D7-24FD-446E-BAB9-6DBE3014B6D1}"
EndProject
Project("{9A19103F-16F7-4668-BE54-9A1E7A4F7556}") = "Email", "Email\Email.csproj", "{99F8CE6D-7752-4420-8155-2BADB419B241}"
EndProject
Project("{2150E333-8FDC-42A3-9474-1A3956D46DE8}") = "N13", "N13", "{8E5FB82D-8981-4716-83E8-290F950BEA1F}"
EndProject
Project("{2150E333-8FDC-42A3-9474-1A3956D46DE8}") = "Animal Hierarchy", "Animal Hierarchy", "{E33E5657-0703-4E60-A03D-89F8A1CE1C62}"
EndProject
Project("{9A19103F-16F7-4668-BE54-9A1E7A4F7556}") = "Animal Hierarchy", "Animal Hierarchy\Animal Hierarchy.csproj", "{B20E4299-1401-4147-80B5-8F54B9562631}"
EndProject
Project("{2150E333-8FDC-42A3-9474-1A3956D46DE8}") = "Password Generator Optimization", "Password Generator Optimization", "{9B127D29-25F2-47D8-BF9D-541FEDE41155}"
EndProject
Project("{9A19103F-16F7-4668-BE54-9A1E7A4F7556}") = "Password Generator Optimization", "Password Generator Optimization\Password Generator Optimization.csproj", "{83EDAC5C-2331-4F04-AD85-E19F4A03781F}"
EndProject
Project("{2150E333-8FDC-42A3-9474-1A3956D46DE8}") = "N14", "N14", "{6B678439-3EA8-4188-9CC9-E211DAEBC6AD}"
EndProject
Project("{2150E333-8FDC-42A3-9474-1A3956D46DE8}") = "Messages", "Messages", "{ADE06232-1BEE-424C-ADD5-62432F73A518}"
EndProject
Project("{9A19103F-16F7-4668-BE54-9A1E7A4F7556}") = "Messages", "Messages\Messages.csproj", "{306F112E-5949-4A97-A119-8CA701EA40B0}"
EndProject
Project("{2150E333-8FDC-42A3-9474-1A3956D46DE8}") = "Classroom Attendance Project", "Classroom Attendance Project", "{312579F2-12D9-403E-82BA-EC2A5DE828B1}"
EndProject
Project("{9A19103F-16F7-4668-BE54-9A1E7A4F7556}") = "Library", "Library\Library.csproj", "{C6778066-26D1-45A4-BEBC-C1FFFAF60F89}"
EndProject
Project("{9A19103F-16F7-4668-BE54-9A1E7A4F7556}") = "Main Console App", "Main Console App\Main Console App.csproj", "{61B85719-8C00-4F22-9E42-B49CC009DC29}"
EndProject
Project("{2150E333-8FDC-42A3-9474-1A3956D46DE8}") = "N15", "N15", "{4368AA70-0502-40C3-8FDC-5F2D937CA2C6}"
EndProject
Project("{2150E333-8FDC-42A3-9474-1A3956D46DE8}") = "Weather Forecast", "Weather Forecast", "{DB68976D-3B46-482B-B3BE-9E2AE109D156}"
EndProject
Project("{9A19103F-16F7-4668-BE54-9A1E7A4F7556}") = "Weather Forecast", "Weather Forecast\Weather Forecast.csproj", "{39BBDEB2-B467-4E2D-82C9-404E50D4EF3A}"
EndProject
Project("{2150E333-8FDC-42A3-9474-1A3956D46DE8}") = "Practice Task Rectangle", "Practice Task Rectangle", "{71C1E69C-A9B2-4849-92DE-AED58850B875}"
EndProject
Project("{9A19103F-16F7-4668-BE54-9A1E7A4F7556}") = "Rectangle", "Rectangle\Rectangle.csproj", "{D27301CD-EC9A-4F5F-B5D3-C1EC76D0847B}"
EndProject
Project("{2150E333-8FDC-42A3-9474-1A3956D46DE8}") = "N16", "N16", "{C564D13A-FA6D-4E04-AA7F-41636F86549A}"
EndProject
Project("{9A19103F-16F7-4668-BE54-9A1E7A4F7556}") = "Spaceship", "Spaceship\Spaceship.csproj", "{B25BC476-5436-4D76-A471-4652F2C24065}"
EndProject
Project("{9A19103F-16F7-4668-BE54-9A1E7A4F7556}") = "SmartHome", "SmartHome\SmartHome.csproj", "{86496DEB-ED20-4D03-A01A-2BEBB4951C26}"
EndProject
Project("{2150E333-8FDC-42A3-9474-1A3956D46DE8}") = "N17", "N17", "{C3D6E133-2D93-46C4-A99A-A2E6F4491AAB}"
EndProject
Project("{9A19103F-16F7-4668-BE54-9A1E7A4F7556}") = "Rental Car", "Rental Car\Rental Car.csproj", "{BD46951D-C876-4C03-A835-100F9A9362F2}"
EndProject
Project("{FAE04EC0-301F-11D3-BF4B-00C04F79EFBC}") = "Chat", "Chat\Chat.csproj", "{E47D67FC-53CC-42D2-B3E3-C6EE682B816F}"
EndProject
Global
	GlobalSection(SolutionConfigurationPlatforms) = preSolution
		Debug|Any CPU = Debug|Any CPU
		Release|Any CPU = Release|Any CPU
	EndGlobalSection
	GlobalSection(ProjectConfigurationPlatforms) = postSolution
		{3F6394EB-7A7E-40F1-9A54-540EDD075BE9}.Debug|Any CPU.ActiveCfg = Debug|Any CPU
		{3F6394EB-7A7E-40F1-9A54-540EDD075BE9}.Debug|Any CPU.Build.0 = Debug|Any CPU
		{3F6394EB-7A7E-40F1-9A54-540EDD075BE9}.Release|Any CPU.ActiveCfg = Release|Any CPU
		{3F6394EB-7A7E-40F1-9A54-540EDD075BE9}.Release|Any CPU.Build.0 = Release|Any CPU
		{ACB4F092-1908-45B4-A49E-50AA6A3411CC}.Debug|Any CPU.ActiveCfg = Debug|Any CPU
		{ACB4F092-1908-45B4-A49E-50AA6A3411CC}.Debug|Any CPU.Build.0 = Debug|Any CPU
		{ACB4F092-1908-45B4-A49E-50AA6A3411CC}.Release|Any CPU.ActiveCfg = Release|Any CPU
		{ACB4F092-1908-45B4-A49E-50AA6A3411CC}.Release|Any CPU.Build.0 = Release|Any CPU
		{A4919296-D26D-4250-B5AE-73C3D2BEBD1F}.Debug|Any CPU.ActiveCfg = Debug|Any CPU
		{A4919296-D26D-4250-B5AE-73C3D2BEBD1F}.Debug|Any CPU.Build.0 = Debug|Any CPU
		{A4919296-D26D-4250-B5AE-73C3D2BEBD1F}.Release|Any CPU.ActiveCfg = Release|Any CPU
		{A4919296-D26D-4250-B5AE-73C3D2BEBD1F}.Release|Any CPU.Build.0 = Release|Any CPU
		{9C459536-6085-4605-B6BB-AD28A4A4493E}.Debug|Any CPU.ActiveCfg = Debug|Any CPU
		{9C459536-6085-4605-B6BB-AD28A4A4493E}.Debug|Any CPU.Build.0 = Debug|Any CPU
		{9C459536-6085-4605-B6BB-AD28A4A4493E}.Release|Any CPU.ActiveCfg = Release|Any CPU
		{9C459536-6085-4605-B6BB-AD28A4A4493E}.Release|Any CPU.Build.0 = Release|Any CPU
		{3B17D08B-4C79-4CC2-9E27-F020EDCD46E3}.Debug|Any CPU.ActiveCfg = Debug|Any CPU
		{3B17D08B-4C79-4CC2-9E27-F020EDCD46E3}.Debug|Any CPU.Build.0 = Debug|Any CPU
		{3B17D08B-4C79-4CC2-9E27-F020EDCD46E3}.Release|Any CPU.ActiveCfg = Release|Any CPU
		{3B17D08B-4C79-4CC2-9E27-F020EDCD46E3}.Release|Any CPU.Build.0 = Release|Any CPU
		{0610CEA0-1313-481E-8C06-9EE032B2EFEC}.Debug|Any CPU.ActiveCfg = Debug|Any CPU
		{0610CEA0-1313-481E-8C06-9EE032B2EFEC}.Debug|Any CPU.Build.0 = Debug|Any CPU
		{0610CEA0-1313-481E-8C06-9EE032B2EFEC}.Release|Any CPU.ActiveCfg = Release|Any CPU
		{0610CEA0-1313-481E-8C06-9EE032B2EFEC}.Release|Any CPU.Build.0 = Release|Any CPU
		{16A618FA-1AA3-469B-A0D4-1E0653C7D92B}.Debug|Any CPU.ActiveCfg = Debug|Any CPU
		{16A618FA-1AA3-469B-A0D4-1E0653C7D92B}.Debug|Any CPU.Build.0 = Debug|Any CPU
		{16A618FA-1AA3-469B-A0D4-1E0653C7D92B}.Release|Any CPU.ActiveCfg = Release|Any CPU
		{16A618FA-1AA3-469B-A0D4-1E0653C7D92B}.Release|Any CPU.Build.0 = Release|Any CPU
		{A91073A3-6694-4DA3-AF04-9FCA97530937}.Debug|Any CPU.ActiveCfg = Debug|Any CPU
		{A91073A3-6694-4DA3-AF04-9FCA97530937}.Debug|Any CPU.Build.0 = Debug|Any CPU
		{A91073A3-6694-4DA3-AF04-9FCA97530937}.Release|Any CPU.ActiveCfg = Release|Any CPU
		{A91073A3-6694-4DA3-AF04-9FCA97530937}.Release|Any CPU.Build.0 = Release|Any CPU
		{5ADD5AF6-8AFE-42E4-A7BB-840C8B8DFB34}.Debug|Any CPU.ActiveCfg = Debug|Any CPU
		{5ADD5AF6-8AFE-42E4-A7BB-840C8B8DFB34}.Debug|Any CPU.Build.0 = Debug|Any CPU
		{5ADD5AF6-8AFE-42E4-A7BB-840C8B8DFB34}.Release|Any CPU.ActiveCfg = Release|Any CPU
		{5ADD5AF6-8AFE-42E4-A7BB-840C8B8DFB34}.Release|Any CPU.Build.0 = Release|Any CPU
		{6408D9C5-8D29-4959-B9AB-91CF3191E022}.Debug|Any CPU.ActiveCfg = Debug|Any CPU
		{6408D9C5-8D29-4959-B9AB-91CF3191E022}.Debug|Any CPU.Build.0 = Debug|Any CPU
		{6408D9C5-8D29-4959-B9AB-91CF3191E022}.Release|Any CPU.ActiveCfg = Release|Any CPU
		{6408D9C5-8D29-4959-B9AB-91CF3191E022}.Release|Any CPU.Build.0 = Release|Any CPU
		{F2AA8D7A-9AC7-4D3A-9958-2E99306EB096}.Debug|Any CPU.ActiveCfg = Debug|Any CPU
		{F2AA8D7A-9AC7-4D3A-9958-2E99306EB096}.Debug|Any CPU.Build.0 = Debug|Any CPU
		{F2AA8D7A-9AC7-4D3A-9958-2E99306EB096}.Release|Any CPU.ActiveCfg = Release|Any CPU
		{F2AA8D7A-9AC7-4D3A-9958-2E99306EB096}.Release|Any CPU.Build.0 = Release|Any CPU
		{E8E22EAD-8069-49D8-8593-E78206E45181}.Debug|Any CPU.ActiveCfg = Debug|Any CPU
		{E8E22EAD-8069-49D8-8593-E78206E45181}.Debug|Any CPU.Build.0 = Debug|Any CPU
		{E8E22EAD-8069-49D8-8593-E78206E45181}.Release|Any CPU.ActiveCfg = Release|Any CPU
		{E8E22EAD-8069-49D8-8593-E78206E45181}.Release|Any CPU.Build.0 = Release|Any CPU
		{ABC67795-FCCC-4144-B02E-D0B19743BC48}.Debug|Any CPU.ActiveCfg = Debug|Any CPU
		{ABC67795-FCCC-4144-B02E-D0B19743BC48}.Debug|Any CPU.Build.0 = Debug|Any CPU
		{ABC67795-FCCC-4144-B02E-D0B19743BC48}.Release|Any CPU.ActiveCfg = Release|Any CPU
		{ABC67795-FCCC-4144-B02E-D0B19743BC48}.Release|Any CPU.Build.0 = Release|Any CPU
		{F579B898-475A-4528-8CF3-8104A29E16EB}.Debug|Any CPU.ActiveCfg = Debug|Any CPU
		{F579B898-475A-4528-8CF3-8104A29E16EB}.Debug|Any CPU.Build.0 = Debug|Any CPU
		{F579B898-475A-4528-8CF3-8104A29E16EB}.Release|Any CPU.ActiveCfg = Release|Any CPU
		{F579B898-475A-4528-8CF3-8104A29E16EB}.Release|Any CPU.Build.0 = Release|Any CPU
		{FAA9BB21-2C45-4CBB-958F-270A08025D8D}.Debug|Any CPU.ActiveCfg = Debug|Any CPU
		{FAA9BB21-2C45-4CBB-958F-270A08025D8D}.Debug|Any CPU.Build.0 = Debug|Any CPU
		{FAA9BB21-2C45-4CBB-958F-270A08025D8D}.Release|Any CPU.ActiveCfg = Release|Any CPU
		{FAA9BB21-2C45-4CBB-958F-270A08025D8D}.Release|Any CPU.Build.0 = Release|Any CPU
		{18FD9616-BE0B-4EB9-86AE-CD1A8B985F19}.Debug|Any CPU.ActiveCfg = Debug|Any CPU
		{18FD9616-BE0B-4EB9-86AE-CD1A8B985F19}.Debug|Any CPU.Build.0 = Debug|Any CPU
		{18FD9616-BE0B-4EB9-86AE-CD1A8B985F19}.Release|Any CPU.ActiveCfg = Release|Any CPU
		{18FD9616-BE0B-4EB9-86AE-CD1A8B985F19}.Release|Any CPU.Build.0 = Release|Any CPU
		{E2798390-F4F3-4920-9820-1A1C140D3D87}.Debug|Any CPU.ActiveCfg = Debug|Any CPU
		{E2798390-F4F3-4920-9820-1A1C140D3D87}.Debug|Any CPU.Build.0 = Debug|Any CPU
		{E2798390-F4F3-4920-9820-1A1C140D3D87}.Release|Any CPU.ActiveCfg = Release|Any CPU
		{E2798390-F4F3-4920-9820-1A1C140D3D87}.Release|Any CPU.Build.0 = Release|Any CPU
		{23EB0B7C-BB19-478B-8689-B7451AE76451}.Debug|Any CPU.ActiveCfg = Debug|Any CPU
		{23EB0B7C-BB19-478B-8689-B7451AE76451}.Debug|Any CPU.Build.0 = Debug|Any CPU
		{23EB0B7C-BB19-478B-8689-B7451AE76451}.Release|Any CPU.ActiveCfg = Release|Any CPU
		{23EB0B7C-BB19-478B-8689-B7451AE76451}.Release|Any CPU.Build.0 = Release|Any CPU
		{F99986DC-236A-4ED1-A267-02970BAD7B8C}.Debug|Any CPU.ActiveCfg = Debug|Any CPU
		{F99986DC-236A-4ED1-A267-02970BAD7B8C}.Debug|Any CPU.Build.0 = Debug|Any CPU
		{F99986DC-236A-4ED1-A267-02970BAD7B8C}.Release|Any CPU.ActiveCfg = Release|Any CPU
		{F99986DC-236A-4ED1-A267-02970BAD7B8C}.Release|Any CPU.Build.0 = Release|Any CPU
		{74B966E5-4C04-4AD7-BF63-F143A2CD4DBA}.Debug|Any CPU.ActiveCfg = Debug|Any CPU
		{74B966E5-4C04-4AD7-BF63-F143A2CD4DBA}.Debug|Any CPU.Build.0 = Debug|Any CPU
		{74B966E5-4C04-4AD7-BF63-F143A2CD4DBA}.Release|Any CPU.ActiveCfg = Release|Any CPU
		{74B966E5-4C04-4AD7-BF63-F143A2CD4DBA}.Release|Any CPU.Build.0 = Release|Any CPU
		{55F8B6B2-E09B-42AB-9F34-AB08D58156BE}.Debug|Any CPU.ActiveCfg = Debug|Any CPU
		{55F8B6B2-E09B-42AB-9F34-AB08D58156BE}.Debug|Any CPU.Build.0 = Debug|Any CPU
		{55F8B6B2-E09B-42AB-9F34-AB08D58156BE}.Release|Any CPU.ActiveCfg = Release|Any CPU
		{55F8B6B2-E09B-42AB-9F34-AB08D58156BE}.Release|Any CPU.Build.0 = Release|Any CPU
		{726683A2-EFD5-454F-8450-BBE789073689}.Debug|Any CPU.ActiveCfg = Debug|Any CPU
		{726683A2-EFD5-454F-8450-BBE789073689}.Debug|Any CPU.Build.0 = Debug|Any CPU
		{726683A2-EFD5-454F-8450-BBE789073689}.Release|Any CPU.ActiveCfg = Release|Any CPU
		{726683A2-EFD5-454F-8450-BBE789073689}.Release|Any CPU.Build.0 = Release|Any CPU
		{2DFAE992-9ED3-43A9-B6EB-DCE0861200A7}.Debug|Any CPU.ActiveCfg = Debug|Any CPU
		{2DFAE992-9ED3-43A9-B6EB-DCE0861200A7}.Debug|Any CPU.Build.0 = Debug|Any CPU
		{2DFAE992-9ED3-43A9-B6EB-DCE0861200A7}.Release|Any CPU.ActiveCfg = Release|Any CPU
		{2DFAE992-9ED3-43A9-B6EB-DCE0861200A7}.Release|Any CPU.Build.0 = Release|Any CPU
		{99F8CE6D-7752-4420-8155-2BADB419B241}.Debug|Any CPU.ActiveCfg = Debug|Any CPU
		{99F8CE6D-7752-4420-8155-2BADB419B241}.Debug|Any CPU.Build.0 = Debug|Any CPU
		{99F8CE6D-7752-4420-8155-2BADB419B241}.Release|Any CPU.ActiveCfg = Release|Any CPU
		{99F8CE6D-7752-4420-8155-2BADB419B241}.Release|Any CPU.Build.0 = Release|Any CPU
		{B20E4299-1401-4147-80B5-8F54B9562631}.Debug|Any CPU.ActiveCfg = Debug|Any CPU
		{B20E4299-1401-4147-80B5-8F54B9562631}.Debug|Any CPU.Build.0 = Debug|Any CPU
		{B20E4299-1401-4147-80B5-8F54B9562631}.Release|Any CPU.ActiveCfg = Release|Any CPU
		{B20E4299-1401-4147-80B5-8F54B9562631}.Release|Any CPU.Build.0 = Release|Any CPU
		{83EDAC5C-2331-4F04-AD85-E19F4A03781F}.Debug|Any CPU.ActiveCfg = Debug|Any CPU
		{83EDAC5C-2331-4F04-AD85-E19F4A03781F}.Debug|Any CPU.Build.0 = Debug|Any CPU
		{83EDAC5C-2331-4F04-AD85-E19F4A03781F}.Release|Any CPU.ActiveCfg = Release|Any CPU
		{83EDAC5C-2331-4F04-AD85-E19F4A03781F}.Release|Any CPU.Build.0 = Release|Any CPU
		{306F112E-5949-4A97-A119-8CA701EA40B0}.Debug|Any CPU.ActiveCfg = Debug|Any CPU
		{306F112E-5949-4A97-A119-8CA701EA40B0}.Debug|Any CPU.Build.0 = Debug|Any CPU
		{306F112E-5949-4A97-A119-8CA701EA40B0}.Release|Any CPU.ActiveCfg = Release|Any CPU
		{306F112E-5949-4A97-A119-8CA701EA40B0}.Release|Any CPU.Build.0 = Release|Any CPU
		{C6778066-26D1-45A4-BEBC-C1FFFAF60F89}.Debug|Any CPU.ActiveCfg = Debug|Any CPU
		{C6778066-26D1-45A4-BEBC-C1FFFAF60F89}.Debug|Any CPU.Build.0 = Debug|Any CPU
		{C6778066-26D1-45A4-BEBC-C1FFFAF60F89}.Release|Any CPU.ActiveCfg = Release|Any CPU
		{C6778066-26D1-45A4-BEBC-C1FFFAF60F89}.Release|Any CPU.Build.0 = Release|Any CPU
		{61B85719-8C00-4F22-9E42-B49CC009DC29}.Debug|Any CPU.ActiveCfg = Debug|Any CPU
		{61B85719-8C00-4F22-9E42-B49CC009DC29}.Debug|Any CPU.Build.0 = Debug|Any CPU
		{61B85719-8C00-4F22-9E42-B49CC009DC29}.Release|Any CPU.ActiveCfg = Release|Any CPU
		{61B85719-8C00-4F22-9E42-B49CC009DC29}.Release|Any CPU.Build.0 = Release|Any CPU
		{39BBDEB2-B467-4E2D-82C9-404E50D4EF3A}.Debug|Any CPU.ActiveCfg = Debug|Any CPU
		{39BBDEB2-B467-4E2D-82C9-404E50D4EF3A}.Debug|Any CPU.Build.0 = Debug|Any CPU
		{39BBDEB2-B467-4E2D-82C9-404E50D4EF3A}.Release|Any CPU.ActiveCfg = Release|Any CPU
		{39BBDEB2-B467-4E2D-82C9-404E50D4EF3A}.Release|Any CPU.Build.0 = Release|Any CPU
		{D27301CD-EC9A-4F5F-B5D3-C1EC76D0847B}.Debug|Any CPU.ActiveCfg = Debug|Any CPU
		{D27301CD-EC9A-4F5F-B5D3-C1EC76D0847B}.Debug|Any CPU.Build.0 = Debug|Any CPU
		{D27301CD-EC9A-4F5F-B5D3-C1EC76D0847B}.Release|Any CPU.ActiveCfg = Release|Any CPU
		{D27301CD-EC9A-4F5F-B5D3-C1EC76D0847B}.Release|Any CPU.Build.0 = Release|Any CPU
		{B25BC476-5436-4D76-A471-4652F2C24065}.Debug|Any CPU.ActiveCfg = Debug|Any CPU
		{B25BC476-5436-4D76-A471-4652F2C24065}.Debug|Any CPU.Build.0 = Debug|Any CPU
		{B25BC476-5436-4D76-A471-4652F2C24065}.Release|Any CPU.ActiveCfg = Release|Any CPU
		{B25BC476-5436-4D76-A471-4652F2C24065}.Release|Any CPU.Build.0 = Release|Any CPU
		{86496DEB-ED20-4D03-A01A-2BEBB4951C26}.Debug|Any CPU.ActiveCfg = Debug|Any CPU
		{86496DEB-ED20-4D03-A01A-2BEBB4951C26}.Debug|Any CPU.Build.0 = Debug|Any CPU
		{86496DEB-ED20-4D03-A01A-2BEBB4951C26}.Release|Any CPU.ActiveCfg = Release|Any CPU
		{86496DEB-ED20-4D03-A01A-2BEBB4951C26}.Release|Any CPU.Build.0 = Release|Any CPU
		{BD46951D-C876-4C03-A835-100F9A9362F2}.Debug|Any CPU.ActiveCfg = Debug|Any CPU
		{BD46951D-C876-4C03-A835-100F9A9362F2}.Debug|Any CPU.Build.0 = Debug|Any CPU
		{BD46951D-C876-4C03-A835-100F9A9362F2}.Release|Any CPU.ActiveCfg = Release|Any CPU
		{BD46951D-C876-4C03-A835-100F9A9362F2}.Release|Any CPU.Build.0 = Release|Any CPU
		{E47D67FC-53CC-42D2-B3E3-C6EE682B816F}.Debug|Any CPU.ActiveCfg = Debug|Any CPU
		{E47D67FC-53CC-42D2-B3E3-C6EE682B816F}.Debug|Any CPU.Build.0 = Debug|Any CPU
		{E47D67FC-53CC-42D2-B3E3-C6EE682B816F}.Release|Any CPU.ActiveCfg = Release|Any CPU
		{E47D67FC-53CC-42D2-B3E3-C6EE682B816F}.Release|Any CPU.Build.0 = Release|Any CPU
	EndGlobalSection
	GlobalSection(SolutionProperties) = preSolution
		HideSolutionNode = FALSE
	EndGlobalSection
	GlobalSection(NestedProjects) = preSolution
		{3F6394EB-7A7E-40F1-9A54-540EDD075BE9} = {288B7434-5DD7-4A32-A4DE-E84DD52B2466}
		{ACB4F092-1908-45B4-A49E-50AA6A3411CC} = {F7BA75CA-FCDB-4CB1-99B6-7533A208A458}
		{F7BA75CA-FCDB-4CB1-99B6-7533A208A458} = {54637147-2CD6-4091-8493-F160DF3BFA94}
		{C7BA5E97-F75A-4875-B05D-E8DF80E0070C} = {54637147-2CD6-4091-8493-F160DF3BFA94}
		{A4919296-D26D-4250-B5AE-73C3D2BEBD1F} = {C7BA5E97-F75A-4875-B05D-E8DF80E0070C}
		{9C459536-6085-4605-B6BB-AD28A4A4493E} = {288B7434-5DD7-4A32-A4DE-E84DD52B2466}
		{07235F41-85E6-40AC-8544-0D8BAE9464EE} = {2BEAA909-B590-48C4-9D0A-D06D033413A2}
		{3B17D08B-4C79-4CC2-9E27-F020EDCD46E3} = {07235F41-85E6-40AC-8544-0D8BAE9464EE}
		{EC90AB32-5DD7-4E44-89F8-6123D4513408} = {2BEAA909-B590-48C4-9D0A-D06D033413A2}
		{0610CEA0-1313-481E-8C06-9EE032B2EFEC} = {EC90AB32-5DD7-4E44-89F8-6123D4513408}
		{6EBBA647-1398-4C4A-B5DF-B7DFEE54BE22} = {A1EC9661-907A-47CD-BAE7-D829066E98F4}
		{5985B107-1531-4AF9-9FB9-AC711208E672} = {A1EC9661-907A-47CD-BAE7-D829066E98F4}
		{16A618FA-1AA3-469B-A0D4-1E0653C7D92B} = {6EBBA647-1398-4C4A-B5DF-B7DFEE54BE22}
		{A91073A3-6694-4DA3-AF04-9FCA97530937} = {5985B107-1531-4AF9-9FB9-AC711208E672}
		{06627392-C153-41E8-9BED-CF308842F899} = {EF0873D4-6779-4630-A8B2-5BE835D533CD}
		{5ADD5AF6-8AFE-42E4-A7BB-840C8B8DFB34} = {06627392-C153-41E8-9BED-CF308842F899}
		{620C7A73-EC45-43B1-AC2A-53577CEB9817} = {EF0873D4-6779-4630-A8B2-5BE835D533CD}
		{6408D9C5-8D29-4959-B9AB-91CF3191E022} = {620C7A73-EC45-43B1-AC2A-53577CEB9817}
		{E68F950B-DD5D-4131-80D5-4DA5BFE211A4} = {14DD774E-3B11-4E38-B8A2-808D53244FAA}
		{F2AA8D7A-9AC7-4D3A-9958-2E99306EB096} = {E68F950B-DD5D-4131-80D5-4DA5BFE211A4}
		{55AA757D-FA47-4EB3-B9B9-713318320C9D} = {54637147-2CD6-4091-8493-F160DF3BFA94}
		{E8E22EAD-8069-49D8-8593-E78206E45181} = {55AA757D-FA47-4EB3-B9B9-713318320C9D}
		{B6DF451F-1CF2-4E2B-B2E2-71C0D4B0C92A} = {E57A39D4-CF92-4F4D-8E79-076C364B28C0}
		{ABC67795-FCCC-4144-B02E-D0B19743BC48} = {B6DF451F-1CF2-4E2B-B2E2-71C0D4B0C92A}
		{D9C029BC-6BE4-4974-A3E8-911F9FA2F208} = {E57A39D4-CF92-4F4D-8E79-076C364B28C0}
		{F579B898-475A-4528-8CF3-8104A29E16EB} = {1D289CF1-FEC5-4908-98D7-504FD1D65441}
		{FAA9BB21-2C45-4CBB-958F-270A08025D8D} = {1D289CF1-FEC5-4908-98D7-504FD1D65441}
		{0C499EB2-1AE5-41AE-8430-32BD5A4F0A0A} = {9ADFD488-B326-4E80-A2D4-2152760A8EAD}
		{18FD9616-BE0B-4EB9-86AE-CD1A8B985F19} = {0C499EB2-1AE5-41AE-8430-32BD5A4F0A0A}
		{4F26F54D-875F-447A-B513-7BD1379A18C4} = {9ADFD488-B326-4E80-A2D4-2152760A8EAD}
		{E2798390-F4F3-4920-9820-1A1C140D3D87} = {4F26F54D-875F-447A-B513-7BD1379A18C4}
		{18E53208-2030-494D-B68E-AA7014DB5F38} = {9ADFD488-B326-4E80-A2D4-2152760A8EAD}
		{23EB0B7C-BB19-478B-8689-B7451AE76451} = {18E53208-2030-494D-B68E-AA7014DB5F38}
		{B7D5B0B9-DD1E-498B-AAB6-16E2A289ACFF} = {9ADFD488-B326-4E80-A2D4-2152760A8EAD}
		{F99986DC-236A-4ED1-A267-02970BAD7B8C} = {B7D5B0B9-DD1E-498B-AAB6-16E2A289ACFF}
		{6ACF2952-B875-4B31-B21F-1CB94C04A041} = {9ADFD488-B326-4E80-A2D4-2152760A8EAD}
		{74B966E5-4C04-4AD7-BF63-F143A2CD4DBA} = {6ACF2952-B875-4B31-B21F-1CB94C04A041}
		{124FC8D8-A03B-4EFE-94EC-3FB72BFB19B0} = {3A4464F1-F1B0-4AF7-9EF7-496F5008E87A}
		{55F8B6B2-E09B-42AB-9F34-AB08D58156BE} = {124FC8D8-A03B-4EFE-94EC-3FB72BFB19B0}
		{CB23DD3E-695E-406F-A308-7C5D8D255C1B} = {3A4464F1-F1B0-4AF7-9EF7-496F5008E87A}
		{726683A2-EFD5-454F-8450-BBE789073689} = {CB23DD3E-695E-406F-A308-7C5D8D255C1B}
		{C3F0440E-6CE3-4224-BC79-91A2E35F4635} = {121D8A28-14B2-4E2F-8CDE-DDBF9133CC03}
		{2DFAE992-9ED3-43A9-B6EB-DCE0861200A7} = {C3F0440E-6CE3-4224-BC79-91A2E35F4635}
		{5A3344D7-24FD-446E-BAB9-6DBE3014B6D1} = {121D8A28-14B2-4E2F-8CDE-DDBF9133CC03}
		{99F8CE6D-7752-4420-8155-2BADB419B241} = {5A3344D7-24FD-446E-BAB9-6DBE3014B6D1}
		{E33E5657-0703-4E60-A03D-89F8A1CE1C62} = {8E5FB82D-8981-4716-83E8-290F950BEA1F}
		{B20E4299-1401-4147-80B5-8F54B9562631} = {E33E5657-0703-4E60-A03D-89F8A1CE1C62}
		{9B127D29-25F2-47D8-BF9D-541FEDE41155} = {8E5FB82D-8981-4716-83E8-290F950BEA1F}
		{83EDAC5C-2331-4F04-AD85-E19F4A03781F} = {9B127D29-25F2-47D8-BF9D-541FEDE41155}
		{ADE06232-1BEE-424C-ADD5-62432F73A518} = {6B678439-3EA8-4188-9CC9-E211DAEBC6AD}
		{306F112E-5949-4A97-A119-8CA701EA40B0} = {ADE06232-1BEE-424C-ADD5-62432F73A518}
		{312579F2-12D9-403E-82BA-EC2A5DE828B1} = {6B678439-3EA8-4188-9CC9-E211DAEBC6AD}
		{C6778066-26D1-45A4-BEBC-C1FFFAF60F89} = {312579F2-12D9-403E-82BA-EC2A5DE828B1}
		{61B85719-8C00-4F22-9E42-B49CC009DC29} = {312579F2-12D9-403E-82BA-EC2A5DE828B1}
		{DB68976D-3B46-482B-B3BE-9E2AE109D156} = {4368AA70-0502-40C3-8FDC-5F2D937CA2C6}
		{39BBDEB2-B467-4E2D-82C9-404E50D4EF3A} = {DB68976D-3B46-482B-B3BE-9E2AE109D156}
		{71C1E69C-A9B2-4849-92DE-AED58850B875} = {4368AA70-0502-40C3-8FDC-5F2D937CA2C6}
		{D27301CD-EC9A-4F5F-B5D3-C1EC76D0847B} = {71C1E69C-A9B2-4849-92DE-AED58850B875}
		{B25BC476-5436-4D76-A471-4652F2C24065} = {C564D13A-FA6D-4E04-AA7F-41636F86549A}
		{86496DEB-ED20-4D03-A01A-2BEBB4951C26} = {C564D13A-FA6D-4E04-AA7F-41636F86549A}
		{BD46951D-C876-4C03-A835-100F9A9362F2} = {C3D6E133-2D93-46C4-A99A-A2E6F4491AAB}
		{E47D67FC-53CC-42D2-B3E3-C6EE682B816F} = {C3D6E133-2D93-46C4-A99A-A2E6F4491AAB}
	EndGlobalSection
	GlobalSection(ExtensibilityGlobals) = postSolution
		SolutionGuid = {C5A39333-8353-484C-B956-ABD2398C98A7}
	EndGlobalSection
EndGlobal
